
Microsoft Visual Studio Solution File, Format Version 12.00
# Visual Studio Version 17
VisualStudioVersion = 17.13.35913.81 d17.13
MinimumVisualStudioVersion = 10.0.40219.1
Project("{FAE04EC0-301F-11D3-BF4B-00C04F79EFBC}") = "ECommerce512", "ECommerce512\ECommerce512.csproj", "{A5E006FB-AA5B-4A20-A359-B5C5A85045D9}"
EndProject
Global
	GlobalSection(SolutionConfigurationPlatforms) = preSolution
		Debug|Any CPU = Debug|Any CPU
		Release|Any CPU = Release|Any CPU
	EndGlobalSection
	GlobalSection(ProjectConfigurationPlatforms) = postSolution
		{A5E006FB-AA5B-4A20-A359-B5C5A85045D9}.Debug|Any CPU.ActiveCfg = Debug|Any CPU
		{A5E006FB-AA5B-4A20-A359-B5C5A85045D9}.Debug|Any CPU.Build.0 = Debug|Any CPU
		{A5E006FB-AA5B-4A20-A359-B5C5A85045D9}.Release|Any CPU.ActiveCfg = Release|Any CPU
		{A5E006FB-AA5B-4A20-A359-B5C5A85045D9}.Release|Any CPU.Build.0 = Release|Any CPU
	EndGlobalSection
	GlobalSection(SolutionProperties) = preSolution
		HideSolutionNode = FALSE
	EndGlobalSection
	GlobalSection(ExtensibilityGlobals) = postSolution
		SolutionGuid = {DBB5E4DF-02A6-48B1-8787-8B9C7A04A264}
	EndGlobalSection
EndGlobal
